
Microsoft Visual Studio Solution File, Format Version 12.00
# Visual Studio Version 17
VisualStudioVersion = 17.3.32901.215
MinimumVisualStudioVersion = 10.0.40219.1
Project("{FAE04EC0-301F-11D3-BF4B-00C04F79EFBC}") = "pryArroyoBaseDeDatos", "pryArroyoBaseDeDatos.csproj", "{905F7481-4FDB-40FF-B852-684F83E6394A}"
EndProject
Global
	GlobalSection(SolutionConfigurationPlatforms) = preSolution
		Debug|Any CPU = Debug|Any CPU
		Release|Any CPU = Release|Any CPU
	EndGlobalSection
	GlobalSection(ProjectConfigurationPlatforms) = postSolution
		{905F7481-4FDB-40FF-B852-684F83E6394A}.Debug|Any CPU.ActiveCfg = Debug|Any CPU
		{905F7481-4FDB-40FF-B852-684F83E6394A}.Debug|Any CPU.Build.0 = Debug|Any CPU
		{905F7481-4FDB-40FF-B852-684F83E6394A}.Release|Any CPU.ActiveCfg = Release|Any CPU
		{905F7481-4FDB-40FF-B852-684F83E6394A}.Release|Any CPU.Build.0 = Release|Any CPU
	EndGlobalSection
	GlobalSection(SolutionProperties) = preSolution
		HideSolutionNode = FALSE
	EndGlobalSection
	GlobalSection(ExtensibilityGlobals) = postSolution
		SolutionGuid = {B23C2259-0CC4-46A1-817B-F70085F69FA3}
	EndGlobalSection
EndGlobal
